
Microsoft Visual Studio Solution File, Format Version 12.00
# Visual Studio Version 16
VisualStudioVersion = 16.0.29209.62
MinimumVisualStudioVersion = 10.0.40219.1
Project("{FAE04EC0-301F-11D3-BF4B-00C04F79EFBC}") = "Mir.Ethernity.MapLibrary", "Mir.Ethernity.MapLibrary\Mir.Ethernity.MapLibrary.csproj", "{16D6A42D-0503-43E0-9C10-0381BF7756B8}"
EndProject
Global
	GlobalSection(SolutionConfigurationPlatforms) = preSolution
		Debug|Any CPU = Debug|Any CPU
		Release|Any CPU = Release|Any CPU
	EndGlobalSection
	GlobalSection(ProjectConfigurationPlatforms) = postSolution
		{16D6A42D-0503-43E0-9C10-0381BF7756B8}.Debug|Any CPU.ActiveCfg = Debug|Any CPU
		{16D6A42D-0503-43E0-9C10-0381BF7756B8}.Debug|Any CPU.Build.0 = Debug|Any CPU
		{16D6A42D-0503-43E0-9C10-0381BF7756B8}.Release|Any CPU.ActiveCfg = Release|Any CPU
		{16D6A42D-0503-43E0-9C10-0381BF7756B8}.Release|Any CPU.Build.0 = Release|Any CPU
	EndGlobalSection
	GlobalSection(SolutionProperties) = preSolution
		HideSolutionNode = FALSE
	EndGlobalSection
	GlobalSection(ExtensibilityGlobals) = postSolution
		SolutionGuid = {0A134597-8030-4C40-BEAF-92013366CA3E}
	EndGlobalSection
EndGlobal
